Microsoft Visual Studio Solution File, Format Version 12.00
# Visual Studio Version 17
VisualStudioVersion = 17.5.2.0
MinimumVisualStudioVersion = 10.0.40219.1
Project("{FAE04EC0-301F-11D3-BF4B-00C04F79EFBC}") = "MCBBackend", "MCB_Assignment_Backend_2025\MCBBackend.csproj", "{E6F7952F-0DF8-A601-2EC6-82F4B3A7DAB9}"
EndProject
Global
	GlobalSection(SolutionConfigurationPlatforms) = preSolution
		Debug|Any CPU = Debug|Any CPU
		Release|Any CPU = Release|Any CPU
	EndGlobalSection
	GlobalSection(ProjectConfigurationPlatforms) = postSolution
		{E6F7952F-0DF8-A601-2EC6-82F4B3A7DAB9}.Debug|Any CPU.ActiveCfg = Debug|Any CPU
		{E6F7952F-0DF8-A601-2EC6-82F4B3A7DAB9}.Debug|Any CPU.Build.0 = Debug|Any CPU
		{E6F7952F-0DF8-A601-2EC6-82F4B3A7DAB9}.Release|Any CPU.ActiveCfg = Release|Any CPU
		{E6F7952F-0DF8-A601-2EC6-82F4B3A7DAB9}.Release|Any CPU.Build.0 = Release|Any CPU
	EndGlobalSection
	GlobalSection(SolutionProperties) = preSolution
		HideSolutionNode = FALSE
	EndGlobalSection
	GlobalSection(ExtensibilityGlobals) = postSolution
		SolutionGuid = {27669226-1BEC-4005-A471-999F7CE88658}
	EndGlobalSection
EndGlobal
